
Microsoft Visual Studio Solution File, Format Version 12.00
# Visual Studio Version 16
VisualStudioVersion = 16.0.31911.196
MinimumVisualStudioVersion = 10.0.40219.1
Project("{FAE04EC0-301F-11D3-BF4B-00C04F79EFBC}") = "fukuv0602", "fukuv0602\fukuv0602.csproj", "{CC956FE9-4B03-4539-9F7C-95CEB94B2FD8}"
EndProject
Global
	GlobalSection(SolutionConfigurationPlatforms) = preSolution
		Debug|Any CPU = Debug|Any CPU
		Release|Any CPU = Release|Any CPU
	EndGlobalSection
	GlobalSection(ProjectConfigurationPlatforms) = postSolution
		{CC956FE9-4B03-4539-9F7C-95CEB94B2FD8}.Debug|Any CPU.ActiveCfg = Debug|Any CPU
		{CC956FE9-4B03-4539-9F7C-95CEB94B2FD8}.Debug|Any CPU.Build.0 = Debug|Any CPU
		{CC956FE9-4B03-4539-9F7C-95CEB94B2FD8}.Release|Any CPU.ActiveCfg = Release|Any CPU
		{CC956FE9-4B03-4539-9F7C-95CEB94B2FD8}.Release|Any CPU.Build.0 = Release|Any CPU
	EndGlobalSection
	GlobalSection(SolutionProperties) = preSolution
		HideSolutionNode = FALSE
	EndGlobalSection
	GlobalSection(ExtensibilityGlobals) = postSolution
		SolutionGuid = {31690676-7719-4123-AF3B-F5BD2271DE1A}
	EndGlobalSection
EndGlobal
